# THIS IS AN AUTOGENERATED FILE. DO NOT EDIT THIS FILE DIRECTLY.
# yarn lockfile v1


"@babel/runtime@^7.5.5", "@babel/runtime@^7.8.7":
  "integrity" "sha512-lSiBBvodq29uShpWGNbgFdKYNiFDo5/HIYsaCEY9ff4sb10x9jizo2+pRrSyF4jKZCXqgzuqBOQKbUm90gQwJg=="
  "resolved" "https://registry.npmjs.org/@babel/runtime/-/runtime-7.17.9.tgz"
  "version" "7.17.9"
  dependencies:
    "regenerator-runtime" "^0.13.4"

"acorn@6.4.1":
  "integrity" "sha512-ZVA9k326Nwrj3Cj9jlh3wGFutC2ZornPNARZwsNYqQYgN0EsV2d53w5RN/co65Ohn4sUAUtb1rSUAOD6XN9idA=="
  "resolved" "https://registry.npmjs.org/acorn/-/acorn-6.4.1.tgz"
  "version" "6.4.1"

"classnames@^2.1.1":
  "integrity" "sha512-OlQdbZ7gLfGarSqxesMesDa5uz7KFbID8Kpq/SxIoNGDqY8lSYs0D+hhtBXhcdB3rcbXArFr7vlHheLk1voeNA=="
  "resolved" "https://registry.npmjs.org/classnames/-/classnames-2.3.1.tgz"
  "version" "2.3.1"

"csstype@^3.0.2":
  "integrity" "sha512-uX1KG+x9h5hIJsaKR9xHUeUraxf8IODOwq9JLNPq6BwB04a/xgpq3rcx47l5BZu5zBPlgD342tdke3Hom/nJRA=="
  "resolved" "https://registry.npmjs.org/csstype/-/csstype-3.1.0.tgz"
  "version" "3.1.0"

"dom-helpers@^5.0.1":
  "integrity" "sha512-nRCa7CK3VTrM2NmGkIy4cbK7IZlgBE/PYMn55rrXefr5xXDP0LdtfPnblFDoVdcAfslJ7or6iqAUnx0CCGIWQA=="
  "resolved" "https://registry.npmjs.org/dom-helpers/-/dom-helpers-5.2.1.tgz"
  "version" "5.2.1"
  dependencies:
    "@babel/runtime" "^7.8.7"
    "csstype" "^3.0.2"

"dotenv@^16.0.1":
  "integrity" "sha512-1K6hR6wtk2FviQ4kEiSjFiH5rpzEVi8WW0x96aztHVMhEspNpc4DVOUTEHtEva5VThQ8IaBX1Pe4gSzpVVUsKQ=="
  "resolved" "https://registry.npmjs.org/dotenv/-/dotenv-16.0.1.tgz"
  "version" "16.0.1"

"js-tokens@^3.0.0 || ^4.0.0":
  "integrity" "sha512-RdJUflcE3cUzKiMqQgsCu06FPu9UdIJO0beYbPhHN4k6apgJtifcoCtT9bcxOpYBtpD2kCM6Sbzg4CausW/PKQ=="
  "resolved" "https://registry.npmjs.org/js-tokens/-/js-tokens-4.0.0.tgz"
  "version" "4.0.0"

"loose-envify@^1.1.0", "loose-envify@^1.4.0":
  "integrity" "sha512-lyuxPGr/Wfhrlem2CL/UcnUc1zcqKAImBDzukY7Y5F/yQiNdko6+fRLevlw1HgMySw7f611UIY408EtxRSoK3Q=="
  "resolved" "https://registry.npmjs.org/loose-envify/-/loose-envify-1.4.0.tgz"
  "version" "1.4.0"
  dependencies:
    "js-tokens" "^3.0.0 || ^4.0.0"

"object-assign@^4.1.1":
  "integrity" "sha1-IQmtx5ZYh8/AXLvUQsrIv7s2CGM="
  "resolved" "https://registry.npmjs.org/object-assign/-/object-assign-4.1.1.tgz"
  "version" "4.1.1"

"prop-types@^15.5.10", "prop-types@^15.6.2":
  "integrity" "sha512-oj87CgZICdulUohogVAR7AjlC0327U4el4L6eAvOqCeudMDVU0NThNaV+b9Df4dXgSP1gXMTnPdhfe/2qDH5cg=="
  "resolved" "https://registry.npmjs.org/prop-types/-/prop-types-15.8.1.tgz"
  "version" "15.8.1"
  dependencies:
    "loose-envify" "^1.4.0"
    "object-assign" "^4.1.1"
    "react-is" "^16.13.1"

"react-dom@>=16.6.0":
  "integrity" "sha512-fU1Txz7Budmvamp7bshe4Zi32d0ll7ect+ccxNu9FlObT605GOEB8BfO4tmRJ39R5Zj831VCpvQ05QPBW5yb+w=="
  "resolved" "https://registry.npmjs.org/react-dom/-/react-dom-18.1.0.tgz"
  "version" "18.1.0"
  dependencies:
    "loose-envify" "^1.1.0"
    "scheduler" "^0.22.0"

"react-is@^16.13.1":
  "integrity" "sha512-24e6ynE2H+OKt4kqsOvNd8kBpV65zoxbA4BVsEOB3ARVWQki/DHzaUoC5KuON/BiccDaCCTZBuOcfZs70kR8bQ=="
  "resolved" "https://registry.npmjs.org/react-is/-/react-is-16.13.1.tgz"
  "version" "16.13.1"

"react-notifications@^1.7.2":
  "integrity" "sha512-rxIgLaHOgTRQfGSOnxprRknQ+acMEQgBvlF645iTIggpN5IoplmaITxCRj/drqR/NIDldscvs/2FR7zNEmsTGA=="
  "resolved" "https://registry.npmjs.org/react-notifications/-/react-notifications-1.7.3.tgz"
  "version" "1.7.3"
  dependencies:
    "acorn" "6.4.1"
    "classnames" "^2.1.1"
    "prop-types" "^15.5.10"
    "react-transition-group" "^4.4.1"

"react-transition-group@^4.4.1":
  "integrity" "sha512-/RNYfRAMlZwDSr6z4zNKV6xu53/e2BuaBbGhbyYIXTrmgu/bGHzmqOs7mJSJBHy9Ud+ApHx3QjrkKSp1pxvlFg=="
  "resolved" "https://registry.npmjs.org/react-transition-group/-/react-transition-group-4.4.2.tgz"
  "version" "4.4.2"
  dependencies:
    "@babel/runtime" "^7.5.5"
    "dom-helpers" "^5.0.1"
    "loose-envify" "^1.4.0"
    "prop-types" "^15.6.2"

"react@^18.1.0", "react@>=16.6.0":
  "integrity" "sha512-4oL8ivCz5ZEPyclFQXaNksK3adutVS8l2xzZU0cqEFrE9Sb7fC0EFK5uEk74wIreL1DERyjvsU915j1pcT2uEQ=="
  "resolved" "https://registry.npmjs.org/react/-/react-18.1.0.tgz"
  "version" "18.1.0"
  dependencies:
    "loose-envify" "^1.1.0"

"regenerator-runtime@^0.13.4":
  "integrity" "sha512-p3VT+cOEgxFsRRA9X4lkI1E+k2/CtnKtU4gcxyaCUreilL/vqI6CdZ3wxVUx3UOUg+gnUOQQcRI7BmSI656MYA=="
  "resolved" "https://registry.npmjs.org/regenerator-runtime/-/regenerator-runtime-0.13.9.tgz"
  "version" "0.13.9"

"scheduler@^0.22.0":
  "integrity" "sha512-6QAm1BgQI88NPYymgGQLCZgvep4FyePDWFpXVK+zNSUgHwlqpJy8VEh8Et0KxTACS4VWwMousBElAZOH9nkkoQ=="
  "resolved" "https://registry.npmjs.org/scheduler/-/scheduler-0.22.0.tgz"
  "version" "0.22.0"
  dependencies:
    "loose-envify" "^1.1.0"
